
Microsoft Visual Studio Solution File, Format Version 12.00
# Visual Studio Version 16
VisualStudioVersion = 16.0.30413.136
MinimumVisualStudioVersion = 10.0.40219.1
Project("{FAE04EC0-301F-11D3-BF4B-00C04F79EFBC}") = "AnimeLoupe2x", "AnimeLoupe2x.csproj", "{7901FDC7-E172-42FF-AB1B-35B2B8CD89FE}"
EndProject
Global
	GlobalSection(SolutionConfigurationPlatforms) = preSolution
		Debug|Any CPU = Debug|Any CPU
		Release|Any CPU = Release|Any CPU
	EndGlobalSection
	GlobalSection(ProjectConfigurationPlatforms) = postSolution
		{7901FDC7-E172-42FF-AB1B-35B2B8CD89FE}.Debug|Any CPU.ActiveCfg = Debug|Any CPU
		{7901FDC7-E172-42FF-AB1B-35B2B8CD89FE}.Debug|Any CPU.Build.0 = Debug|Any CPU
		{7901FDC7-E172-42FF-AB1B-35B2B8CD89FE}.Release|Any CPU.ActiveCfg = Release|Any CPU
		{7901FDC7-E172-42FF-AB1B-35B2B8CD89FE}.Release|Any CPU.Build.0 = Release|Any CPU
	EndGlobalSection
	GlobalSection(SolutionProperties) = preSolution
		HideSolutionNode = FALSE
	EndGlobalSection
	GlobalSection(ExtensibilityGlobals) = postSolution
		SolutionGuid = {99419010-F346-4BC7-A2D6-153A26FA53BD}
	EndGlobalSection
EndGlobal
